PODS:
  - AutoCoding (2.2.3)
  - Crashlytics (3.8.4):
    - Fabric (~> 1.6.3)
  - DIDatepicker (0.1)
  - Fabric (1.6.11)
  - Mantle (2.1.0):
    - Mantle/extobjc (= 2.1.0)
  - Mantle/extobjc (2.1.0)
  - Masonry (1.0.2)
  - NSDate-Extensions (0.0.1)
  - ObjectiveGumbo (0.1)
  - TBAlertController (3.0.1)
  - TBURLRequestOptions (0.1.5)

DEPENDENCIES:
  - AutoCoding
  - Crashlytics
  - DIDatepicker
  - Mantle
  - Masonry
  - NSDate-Extensions
  - ObjectiveGumbo
  - TBAlertController
  - TBURLRequestOptions

SPEC REPOS:
  https://github.com/cocoapods/specs.git:
    - AutoCoding
    - Crashlytics
    - DIDatepicker
    - Fabric
    - Mantle
    - Masonry
    - NSDate-Extensions
    - ObjectiveGumbo
    - TBAlertController
    - TBURLRequestOptions

SPEC CHECKSUMS:
  AutoCoding: 90ca3cbc0d77a37cfff75167d705b44148c5fc51
  Crashlytics: 79e236942ca1e7fc641df1feb9a275360a78ab6a
  DIDatepicker: c990ce1cdc8a6169cf7eb6369cd97604864eed27
  Fabric: 5911403591946b8228ab1c51d98f1d7137e863c6
  Mantle: 2fa750afa478cd625a94230fbf1c13462f29395b
  Masonry: 7c429b56da9d4ee0bbb3ed77a5ea710d6a5df39e
  NSDate-Extensions: cbd68ecf5cf8a150644e184b4521d7734fea5ace
  ObjectiveGumbo: 0704c4930688132abb3d5df2000334f30504856f
  TBAlertController: cadaec5909aa7af37f4a345fb260ce9b3b0ad0c6
  TBURLRequestOptions: badb2323efa0cfc4a88c47ab851142ec7dc09dc2

PODFILE CHECKSUM: abd2de9c27ef6be62861691ac1a91b7eee7e8608

COCOAPODS: 1.5.2
