PODS:
  - AutoCoding (2.2.3)
  - Mantle (2.1.0):
    - Mantle/extobjc (= 2.1.0)
  - Mantle/extobjc (2.1.0)
  - Masonry (1.0.2)
  - NSDate-Extensions (0.0.1)
  - ObjectiveGumbo (0.1)
  - TBAlertController (3.0.1)
  - TBURLRequestOptions (0.1.5)

DEPENDENCIES:
  - AutoCoding
  - Mantle
  - Masonry
  - NSDate-Extensions
  - ObjectiveGumbo
  - TBAlertController
  - TBURLRequestOptions

SPEC REPOS:
  trunk:
    - AutoCoding
    - Mantle
    - Masonry
    - NSDate-Extensions
    - ObjectiveGumbo
    - TBAlertController
    - TBURLRequestOptions

SPEC CHECKSUMS:
  AutoCoding: 90ca3cbc0d77a37cfff75167d705b44148c5fc51
  Mantle: 2fa750afa478cd625a94230fbf1c13462f29395b
  Masonry: 7c429b56da9d4ee0bbb3ed77a5ea710d6a5df39e
  NSDate-Extensions: cbd68ecf5cf8a150644e184b4521d7734fea5ace
  ObjectiveGumbo: 0704c4930688132abb3d5df2000334f30504856f
  TBAlertController: cadaec5909aa7af37f4a345fb260ce9b3b0ad0c6
  TBURLRequestOptions: badb2323efa0cfc4a88c47ab851142ec7dc09dc2

PODFILE CHECKSUM: 7a12697e66b2b44e1a23e67ca288133497264651

COCOAPODS: 1.8.4
