// !$*UTF8*$!
{
	archiveVersion = 1;
	classes = {
	};
	objectVersion = 46;
	objects = {

/* Begin PBXBuildFile section */
		867317D6F7D5EDAE56DCCBEB /* libPods-BU Eats.a in Frameworks */ = {isa = PBXBuildFile; fileRef = 0B8D5852C823C6F7868137FE /* libPods-BU Eats.a */; };
		B419BB661AEC3C7A00C7A75D /* UIColor+BU.m in Sources */ = {isa = PBXBuildFile; fileRef = B419BB651AEC3C7A00C7A75D /* UIColor+BU.m */; };
		B41F8DD51B6F271B00FEB057 /* BU-Eats-Constants.m in Sources */ = {isa = PBXBuildFile; fileRef = B41F8DD41B6F271B00FEB057 /* BU-Eats-Constants.m */; };
		B4C0B10B1AEB2F5C001F2B96 /* main.m in Sources */ = {isa = PBXBuildFile; fileRef = B4C0B10A1AEB2F5C001F2B96 /* main.m */; };
		B4C0B10E1AEB2F5C001F2B96 /* AppDelegate.m in Sources */ = {isa = PBXBuildFile; fileRef = B4C0B10D1AEB2F5C001F2B96 /* AppDelegate.m */; };
		B4C0B1191AEB2F5C001F2B96 /* Images.xcassets in Resources */ = {isa = PBXBuildFile; fileRef = B4C0B1181AEB2F5C001F2B96 /* Images.xcassets */; };
		B4C0B11C1AEB2F5C001F2B96 /* LaunchScreen.xib in Resources */ = {isa = PBXBuildFile; fileRef = B4C0B11A1AEB2F5C001F2B96 /* LaunchScreen.xib */; };
		B4C0B1281AEB2F5C001F2B96 /* BU_EatsTests.m in Sources */ = {isa = PBXBuildFile; fileRef = B4C0B1271AEB2F5C001F2B96 /* BU_EatsTests.m */; };
		B4C4DD251B89313900A9AFB5 /* NSDate+TBExtensions.m in Sources */ = {isa = PBXBuildFile; fileRef = B4C4DD241B89313900A9AFB5 /* NSDate+TBExtensions.m */; };
		C305D05423F228BE0054CACB /* DIDatepickerDateView.m in Sources */ = {isa = PBXBuildFile; fileRef = C305D05023F228BE0054CACB /* DIDatepickerDateView.m */; };
		C305D05523F228BE0054CACB /* DIDatepicker.m in Sources */ = {isa = PBXBuildFile; fileRef = C305D05123F228BE0054CACB /* DIDatepicker.m */; };
		C30DBAD9232858FF008B0CA8 /* NSArray+Functional.m in Sources */ = {isa = PBXBuildFile; fileRef = C30DBAD8232858FF008B0CA8 /* NSArray+Functional.m */; };
		C3374A4D2141BFB500C3286D /* OGElement+Wrapper.m in Sources */ = {isa = PBXBuildFile; fileRef = C3374A4C2141BFB500C3286D /* OGElement+Wrapper.m */; };
		C349B7F61FAEA50700D09043 /* ETLocationCell.m in Sources */ = {isa = PBXBuildFile; fileRef = C349B7F01FAEA50600D09043 /* ETLocationCell.m */; };
		C349B7F71FAEA50700D09043 /* ETLocationCell.xib in Resources */ = {isa = PBXBuildFile; fileRef = C349B7F21FAEA50700D09043 /* ETLocationCell.xib */; };
		C349B7F81FAEA50700D09043 /* ETLocationsViewController.m in Sources */ = {isa = PBXBuildFile; fileRef = C349B7F31FAEA50700D09043 /* ETLocationsViewController.m */; };
		C349B7F91FAEA50700D09043 /* ETCreatedByViewController.m in Sources */ = {isa = PBXBuildFile; fileRef = C349B7F41FAEA50700D09043 /* ETCreatedByViewController.m */; };
		C349B7FA1FAEA50700D09043 /* ETMealTabController.m in Sources */ = {isa = PBXBuildFile; fileRef = C349B7F51FAEA50700D09043 /* ETMealTabController.m */; };
		C349B8031FAEA51900D09043 /* ETSimpleDate.m in Sources */ = {isa = PBXBuildFile; fileRef = C349B7FC1FAEA51800D09043 /* ETSimpleDate.m */; };
		C349B8041FAEA51900D09043 /* ETLocation.m in Sources */ = {isa = PBXBuildFile; fileRef = C349B7FD1FAEA51800D09043 /* ETLocation.m */; };
		C349B8051FAEA51900D09043 /* ETHOOP.m in Sources */ = {isa = PBXBuildFile; fileRef = C349B7FF1FAEA51900D09043 /* ETHOOP.m */; };
		C349B8061FAEA51900D09043 /* ETTimeInterval.m in Sources */ = {isa = PBXBuildFile; fileRef = C349B8021FAEA51900D09043 /* ETTimeInterval.m */; };
		C349B80A1FAEA76B00D09043 /* UIViewController+Extensions.m in Sources */ = {isa = PBXBuildFile; fileRef = C349B8091FAEA76B00D09043 /* UIViewController+Extensions.m */; };
		C349B80D1FAEA7F700D09043 /* BUDiningMenu.m in Sources */ = {isa = PBXBuildFile; fileRef = C349B80B1FAEA7F700D09043 /* BUDiningMenu.m */; };
		C349B8101FAEA80100D09043 /* ETMenuViewController.m in Sources */ = {isa = PBXBuildFile; fileRef = C349B80E1FAEA80100D09043 /* ETMenuViewController.m */; };
		C34CA919213F6A0600C7A1A0 /* OGNode+Wrapper.m in Sources */ = {isa = PBXBuildFile; fileRef = C34CA917213F6A0500C7A1A0 /* OGNode+Wrapper.m */; };
		C34CA91C213F6A1500C7A1A0 /* ETFoodItemCell.m in Sources */ = {isa = PBXBuildFile; fileRef = C34CA91A213F6A1500C7A1A0 /* ETFoodItemCell.m */; };
		C34CA920213F8A0200C7A1A0 /* CDClient.m in Sources */ = {isa = PBXBuildFile; fileRef = C34CA91F213F8A0200C7A1A0 /* CDClient.m */; };
		C34CA923213F8C7A00C7A1A0 /* CDObject.m in Sources */ = {isa = PBXBuildFile; fileRef = C34CA922213F8C7A00C7A1A0 /* CDObject.m */; };
		C34CA92C213F8CE600C7A1A0 /* CDFoodStation.m in Sources */ = {isa = PBXBuildFile; fileRef = C34CA92B213F8CE600C7A1A0 /* CDFoodStation.m */; };
		C34CA92F213F8CEF00C7A1A0 /* CDFoodItem.m in Sources */ = {isa = PBXBuildFile; fileRef = C34CA92E213F8CEF00C7A1A0 /* CDFoodItem.m */; };
		C3579A3523286E2300F5B16B /* CDMeal.m in Sources */ = {isa = PBXBuildFile; fileRef = C3579A3423286E2300F5B16B /* CDMeal.m */; };
		C378418B20245D4900D546B9 /* ETHoursViewController.m in Sources */ = {isa = PBXBuildFile; fileRef = C378418A20245D4900D546B9 /* ETHoursViewController.m */; };
		C378418E20245DBF00D546B9 /* ETHoursCell.m in Sources */ = {isa = PBXBuildFile; fileRef = C378418D20245DBF00D546B9 /* ETHoursCell.m */; };
		C3BED8A8214842850025FC66 /* OGDocument+JSON.m in Sources */ = {isa = PBXBuildFile; fileRef = C3BED8A7214842850025FC66 /* OGDocument+JSON.m */; };
		C3ECABF3214DBD3300B16113 /* CDMealPeriod.m in Sources */ = {isa = PBXBuildFile; fileRef = C3ECABF2214DBD3300B16113 /* CDMealPeriod.m */; };
		C3ECABF6214DBF5700B16113 /* CDMenu.m in Sources */ = {isa = PBXBuildFile; fileRef = C3ECABF5214DBF5700B16113 /* CDMenu.m */; };
		C3ECABF9214DC24B00B16113 /* CDSchool.m in Sources */ = {isa = PBXBuildFile; fileRef = C3ECABF8214DC24B00B16113 /* CDSchool.m */; };
		C3ECABFC214DC36500B16113 /* CDEatery.m in Sources */ = {isa = PBXBuildFile; fileRef = C3ECABFB214DC36500B16113 /* CDEatery.m */; };
		D4C81E74162CB82026FC8F2C /* libPods-BU EatsTests.a in Frameworks */ = {isa = PBXBuildFile; fileRef = F484FD055B612D4201698BE2 /* libPods-BU EatsTests.a */; };
/* End PBXBuildFile section */

/* Begin PBXContainerItemProxy section */
		B4C0B1221AEB2F5C001F2B96 /* PBXContainerItemProxy */ = {
			isa = PBXContainerItemProxy;
			containerPortal = B4C0B0FD1AEB2F5C001F2B96 /* Project object */;
			proxyType = 1;
			remoteGlobalIDString = B4C0B1041AEB2F5C001F2B96;
			remoteInfo = "BU Eats";
		};
/* End PBXContainerItemProxy section */

/* Begin PBXFileReference section */
		0B8D5852C823C6F7868137FE /* libPods-BU Eats.a */ = {isa = PBXFileReference; explicitFileType = archive.ar; includeInIndex = 0; path = "libPods-BU Eats.a"; sourceTree = BUILT_PRODUCTS_DIR; };
		17DFF33644CBB533BD7DDD9A /* Pods.debug.xcconfig */ = {isa = PBXFileReference; includeInIndex = 1; lastKnownFileType = text.xcconfig; name = Pods.debug.xcconfig; path = "Pods/Target Support Files/Pods/Pods.debug.xcconfig"; sourceTree = "<group>"; };
		187EB9B4F41C2FBFD523DDD9 /* Pods-BU EatsTests.release.xcconfig */ = {isa = PBXFileReference; includeInIndex = 1; lastKnownFileType = text.xcconfig; name = "Pods-BU EatsTests.release.xcconfig"; path = "Pods/Target Support Files/Pods-BU EatsTests/Pods-BU EatsTests.release.xcconfig"; sourceTree = "<group>"; };
		427AF4E5A601E031F69FABF1 /* Pods-BU Eats.debug.xcconfig */ = {isa = PBXFileReference; includeInIndex = 1; lastKnownFileType = text.xcconfig; name = "Pods-BU Eats.debug.xcconfig"; path = "Pods/Target Support Files/Pods-BU Eats/Pods-BU Eats.debug.xcconfig"; sourceTree = "<group>"; };
		4C1F3EDA6FFA1F53D0E5BE95 /* Pods.release.xcconfig */ = {isa = PBXFileReference; includeInIndex = 1; lastKnownFileType = text.xcconfig; name = Pods.release.xcconfig; path = "Pods/Target Support Files/Pods/Pods.release.xcconfig"; sourceTree = "<group>"; };
		AD487FA783C8103D8482D6CD /* Pods-BU Eats.release.xcconfig */ = {isa = PBXFileReference; includeInIndex = 1; lastKnownFileType = text.xcconfig; name = "Pods-BU Eats.release.xcconfig"; path = "Pods/Target Support Files/Pods-BU Eats/Pods-BU Eats.release.xcconfig"; sourceTree = "<group>"; };
		B419BB631AEC3BB900C7A75D /* Eats-Prefix.pch */ = {isa = PBXFileReference; lastKnownFileType = sourcecode.c.h; path = "Eats-Prefix.pch"; sourceTree = "<group>"; };
		B419BB641AEC3C7A00C7A75D /* UIColor+BU.h */ = {isa = PBXFileReference; fileEncoding = 4; lastKnownFileType = sourcecode.c.h; path = "UIColor+BU.h"; sourceTree = "<group>"; };
		B419BB651AEC3C7A00C7A75D /* UIColor+BU.m */ = {isa = PBXFileReference; fileEncoding = 4; lastKnownFileType = sourcecode.c.objc; path = "UIColor+BU.m"; sourceTree = "<group>"; };
		B41F8DD31B6F271B00FEB057 /* BU-Eats-Constants.h */ = {isa = PBXFileReference; fileEncoding = 4; lastKnownFileType = sourcecode.c.h; path = "BU-Eats-Constants.h"; sourceTree = "<group>"; };
		B41F8DD41B6F271B00FEB057 /* BU-Eats-Constants.m */ = {isa = PBXFileReference; fileEncoding = 4; lastKnownFileType = sourcecode.c.objc; path = "BU-Eats-Constants.m"; sourceTree = "<group>"; };
		B4C0B1051AEB2F5C001F2B96 /* BU Eats.app */ = {isa = PBXFileReference; explicitFileType = wrapper.application; includeInIndex = 0; path = "BU Eats.app"; sourceTree = BUILT_PRODUCTS_DIR; };
		B4C0B1091AEB2F5C001F2B96 /* Info.plist */ = {isa = PBXFileReference; lastKnownFileType = text.plist.xml; path = Info.plist; sourceTree = "<group>"; };
		B4C0B10A1AEB2F5C001F2B96 /* main.m */ = {isa = PBXFileReference; lastKnownFileType = sourcecode.c.objc; path = main.m; sourceTree = "<group>"; };
		B4C0B10C1AEB2F5C001F2B96 /* AppDelegate.h */ = {isa = PBXFileReference; lastKnownFileType = sourcecode.c.h; path = AppDelegate.h; sourceTree = "<group>"; };
		B4C0B10D1AEB2F5C001F2B96 /* AppDelegate.m */ = {isa = PBXFileReference; lastKnownFileType = sourcecode.c.objc; path = AppDelegate.m; sourceTree = "<group>"; };
		B4C0B1181AEB2F5C001F2B96 /* Images.xcassets */ = {isa = PBXFileReference; lastKnownFileType = folder.assetcatalog; path = Images.xcassets; sourceTree = "<group>"; };
		B4C0B11B1AEB2F5C001F2B96 /* Base */ = {isa = PBXFileReference; lastKnownFileType = file.xib; name = Base; path = Base.lproj/LaunchScreen.xib; sourceTree = "<group>"; };
		B4C0B1211AEB2F5C001F2B96 /* BU EatsTests.xctest */ = {isa = PBXFileReference; explicitFileType = wrapper.cfbundle; includeInIndex = 0; path = "BU EatsTests.xctest"; sourceTree = BUILT_PRODUCTS_DIR; };
		B4C0B1261AEB2F5C001F2B96 /* Info.plist */ = {isa = PBXFileReference; lastKnownFileType = text.plist.xml; path = Info.plist; sourceTree = "<group>"; };
		B4C0B1271AEB2F5C001F2B96 /* BU_EatsTests.m */ = {isa = PBXFileReference; lastKnownFileType = sourcecode.c.objc; path = BU_EatsTests.m; sourceTree = "<group>"; };
		B4C4DD231B89313900A9AFB5 /* NSDate+TBExtensions.h */ = {isa = PBXFileReference; fileEncoding = 4; lastKnownFileType = sourcecode.c.h; path = "NSDate+TBExtensions.h"; sourceTree = "<group>"; };
		B4C4DD241B89313900A9AFB5 /* NSDate+TBExtensions.m */ = {isa = PBXFileReference; fileEncoding = 4; lastKnownFileType = sourcecode.c.objc; path = "NSDate+TBExtensions.m"; sourceTree = "<group>"; };
		C305D04C23F228BE0054CACB /* DIDatepickerDateView.h */ = {isa = PBXFileReference; fileEncoding = 4; lastKnownFileType = sourcecode.c.h; path = DIDatepickerDateView.h; sourceTree = "<group>"; };
		C305D04D23F228BE0054CACB /* DIDatepicker.h */ = {isa = PBXFileReference; fileEncoding = 4; lastKnownFileType = sourcecode.c.h; path = DIDatepicker.h; sourceTree = "<group>"; };
		C305D05023F228BE0054CACB /* DIDatepickerDateView.m */ = {isa = PBXFileReference; fileEncoding = 4; lastKnownFileType = sourcecode.c.objc; path = DIDatepickerDateView.m; sourceTree = "<group>"; };
		C305D05123F228BE0054CACB /* DIDatepicker.m */ = {isa = PBXFileReference; fileEncoding = 4; lastKnownFileType = sourcecode.c.objc; path = DIDatepicker.m; sourceTree = "<group>"; };
		C30DBAD7232858FF008B0CA8 /* NSArray+Functional.h */ = {isa = PBXFileReference; lastKnownFileType = sourcecode.c.h; path = "NSArray+Functional.h"; sourceTree = "<group>"; };
		C30DBAD8232858FF008B0CA8 /* NSArray+Functional.m */ = {isa = PBXFileReference; lastKnownFileType = sourcecode.c.objc; path = "NSArray+Functional.m"; sourceTree = "<group>"; };
		C3374A4B2141BFB500C3286D /* OGElement+Wrapper.h */ = {isa = PBXFileReference; lastKnownFileType = sourcecode.c.h; path = "OGElement+Wrapper.h"; sourceTree = "<group>"; };
		C3374A4C2141BFB500C3286D /* OGElement+Wrapper.m */ = {isa = PBXFileReference; lastKnownFileType = sourcecode.c.objc; path = "OGElement+Wrapper.m"; sourceTree = "<group>"; };
		C349B7ED1FAEA50600D09043 /* ETLocationCell.h */ = {isa = PBXFileReference; fileEncoding = 4; lastKnownFileType = sourcecode.c.h; path = ETLocationCell.h; sourceTree = "<group>"; };
		C349B7EE1FAEA50600D09043 /* ETMealTabController.h */ = {isa = PBXFileReference; fileEncoding = 4; lastKnownFileType = sourcecode.c.h; path = ETMealTabController.h; sourceTree = "<group>"; };
		C349B7EF1FAEA50600D09043 /* ETLocationsViewController.h */ = {isa = PBXFileReference; fileEncoding = 4; lastKnownFileType = sourcecode.c.h; path = ETLocationsViewController.h; sourceTree = "<group>"; };
		C349B7F01FAEA50600D09043 /* ETLocationCell.m */ = {isa = PBXFileReference; fileEncoding = 4; lastKnownFileType = sourcecode.c.objc; path = ETLocationCell.m; sourceTree = "<group>"; };
		C349B7F11FAEA50600D09043 /* ETCreatedByViewController.h */ = {isa = PBXFileReference; fileEncoding = 4; lastKnownFileType = sourcecode.c.h; path = ETCreatedByViewController.h; sourceTree = "<group>"; };
		C349B7F21FAEA50700D09043 /* ETLocationCell.xib */ = {isa = PBXFileReference; fileEncoding = 4; lastKnownFileType = file.xib; path = ETLocationCell.xib; sourceTree = "<group>"; };
		C349B7F31FAEA50700D09043 /* ETLocationsViewController.m */ = {isa = PBXFileReference; fileEncoding = 4; lastKnownFileType = sourcecode.c.objc; path = ETLocationsViewController.m; sourceTree = "<group>"; };
		C349B7F41FAEA50700D09043 /* ETCreatedByViewController.m */ = {isa = PBXFileReference; fileEncoding = 4; lastKnownFileType = sourcecode.c.objc; path = ETCreatedByViewController.m; sourceTree = "<group>"; };
		C349B7F51FAEA50700D09043 /* ETMealTabController.m */ = {isa = PBXFileReference; fileEncoding = 4; lastKnownFileType = sourcecode.c.objc; path = ETMealTabController.m; sourceTree = "<group>"; };
		C349B7FB1FAEA51800D09043 /* ETSimpleDate.h */ = {isa = PBXFileReference; fileEncoding = 4; lastKnownFileType = sourcecode.c.h; path = ETSimpleDate.h; sourceTree = "<group>"; };
		C349B7FC1FAEA51800D09043 /* ETSimpleDate.m */ = {isa = PBXFileReference; fileEncoding = 4; lastKnownFileType = sourcecode.c.objc; path = ETSimpleDate.m; sourceTree = "<group>"; };
		C349B7FD1FAEA51800D09043 /* ETLocation.m */ = {isa = PBXFileReference; fileEncoding = 4; lastKnownFileType = sourcecode.c.objc; path = ETLocation.m; sourceTree = "<group>"; };
		C349B7FE1FAEA51900D09043 /* ETHOOP.h */ = {isa = PBXFileReference; fileEncoding = 4; lastKnownFileType = sourcecode.c.h; path = ETHOOP.h; sourceTree = "<group>"; };
		C349B7FF1FAEA51900D09043 /* ETHOOP.m */ = {isa = PBXFileReference; fileEncoding = 4; lastKnownFileType = sourcecode.c.objc; path = ETHOOP.m; sourceTree = "<group>"; };
		C349B8001FAEA51900D09043 /* ETTimeInterval.h */ = {isa = PBXFileReference; fileEncoding = 4; lastKnownFileType = sourcecode.c.h; path = ETTimeInterval.h; sourceTree = "<group>"; };
		C349B8011FAEA51900D09043 /* ETLocation.h */ = {isa = PBXFileReference; fileEncoding = 4; lastKnownFileType = sourcecode.c.h; path = ETLocation.h; sourceTree = "<group>"; };
		C349B8021FAEA51900D09043 /* ETTimeInterval.m */ = {isa = PBXFileReference; fileEncoding = 4; lastKnownFileType = sourcecode.c.objc; path = ETTimeInterval.m; sourceTree = "<group>"; };
		C349B8081FAEA76B00D09043 /* UIViewController+Extensions.h */ = {isa = PBXFileReference; lastKnownFileType = sourcecode.c.h; path = "UIViewController+Extensions.h"; sourceTree = "<group>"; };
		C349B8091FAEA76B00D09043 /* UIViewController+Extensions.m */ = {isa = PBXFileReference; lastKnownFileType = sourcecode.c.objc; path = "UIViewController+Extensions.m"; sourceTree = "<group>"; };
		C349B80B1FAEA7F700D09043 /* BUDiningMenu.m */ = {isa = PBXFileReference; fileEncoding = 4; lastKnownFileType = sourcecode.c.objc; path = BUDiningMenu.m; sourceTree = "<group>"; };
		C349B80C1FAEA7F700D09043 /* BUDiningMenu.h */ = {isa = PBXFileReference; fileEncoding = 4; lastKnownFileType = sourcecode.c.h; path = BUDiningMenu.h; sourceTree = "<group>"; };
		C349B80E1FAEA80100D09043 /* ETMenuViewController.m */ = {isa = PBXFileReference; fileEncoding = 4; lastKnownFileType = sourcecode.c.objc; path = ETMenuViewController.m; sourceTree = "<group>"; };
		C349B80F1FAEA80100D09043 /* ETMenuViewController.h */ = {isa = PBXFileReference; fileEncoding = 4; lastKnownFileType = sourcecode.c.h; path = ETMenuViewController.h; sourceTree = "<group>"; };
		C34CA917213F6A0500C7A1A0 /* OGNode+Wrapper.m */ = {isa = PBXFileReference; fileEncoding = 4; lastKnownFileType = sourcecode.c.objc; path = "OGNode+Wrapper.m"; sourceTree = "<group>"; };
		C34CA918213F6A0500C7A1A0 /* OGNode+Wrapper.h */ = {isa = PBXFileReference; fileEncoding = 4; lastKnownFileType = sourcecode.c.h; path = "OGNode+Wrapper.h"; sourceTree = "<group>"; };
		C34CA91A213F6A1500C7A1A0 /* ETFoodItemCell.m */ = {isa = PBXFileReference; fileEncoding = 4; lastKnownFileType = sourcecode.c.objc; path = ETFoodItemCell.m; sourceTree = "<group>"; };
		C34CA91B213F6A1500C7A1A0 /* ETFoodItemCell.h */ = {isa = PBXFileReference; fileEncoding = 4; lastKnownFileType = sourcecode.c.h; path = ETFoodItemCell.h; sourceTree = "<group>"; };
		C34CA91E213F8A0200C7A1A0 /* CDClient.h */ = {isa = PBXFileReference; lastKnownFileType = sourcecode.c.h; path = CDClient.h; sourceTree = "<group>"; };
		C34CA91F213F8A0200C7A1A0 /* CDClient.m */ = {isa = PBXFileReference; lastKnownFileType = sourcecode.c.objc; path = CDClient.m; sourceTree = "<group>"; };
		C34CA921213F8C7A00C7A1A0 /* CDObject.h */ = {isa = PBXFileReference; lastKnownFileType = sourcecode.c.h; path = CDObject.h; sourceTree = "<group>"; };
		C34CA922213F8C7A00C7A1A0 /* CDObject.m */ = {isa = PBXFileReference; lastKnownFileType = sourcecode.c.objc; path = CDObject.m; sourceTree = "<group>"; };
		C34CA92A213F8CE600C7A1A0 /* CDFoodStation.h */ = {isa = PBXFileReference; lastKnownFileType = sourcecode.c.h; path = CDFoodStation.h; sourceTree = "<group>"; };
		C34CA92B213F8CE600C7A1A0 /* CDFoodStation.m */ = {isa = PBXFileReference; lastKnownFileType = sourcecode.c.objc; path = CDFoodStation.m; sourceTree = "<group>"; };
		C34CA92D213F8CEF00C7A1A0 /* CDFoodItem.h */ = {isa = PBXFileReference; lastKnownFileType = sourcecode.c.h; path = CDFoodItem.h; sourceTree = "<group>"; };
		C34CA92E213F8CEF00C7A1A0 /* CDFoodItem.m */ = {isa = PBXFileReference; lastKnownFileType = sourcecode.c.objc; path = CDFoodItem.m; sourceTree = "<group>"; };
		C3579A3323286E2300F5B16B /* CDMeal.h */ = {isa = PBXFileReference; lastKnownFileType = sourcecode.c.h; path = CDMeal.h; sourceTree = "<group>"; };
		C3579A3423286E2300F5B16B /* CDMeal.m */ = {isa = PBXFileReference; lastKnownFileType = sourcecode.c.objc; path = CDMeal.m; sourceTree = "<group>"; };
		C378418920245D4900D546B9 /* ETHoursViewController.h */ = {isa = PBXFileReference; lastKnownFileType = sourcecode.c.h; path = ETHoursViewController.h; sourceTree = "<group>"; };
		C378418A20245D4900D546B9 /* ETHoursViewController.m */ = {isa = PBXFileReference; lastKnownFileType = sourcecode.c.objc; path = ETHoursViewController.m; sourceTree = "<group>"; };
		C378418C20245DBF00D546B9 /* ETHoursCell.h */ = {isa = PBXFileReference; lastKnownFileType = sourcecode.c.h; path = ETHoursCell.h; sourceTree = "<group>"; };
		C378418D20245DBF00D546B9 /* ETHoursCell.m */ = {isa = PBXFileReference; lastKnownFileType = sourcecode.c.objc; path = ETHoursCell.m; sourceTree = "<group>"; };
		C3BED8A6214842850025FC66 /* OGDocument+JSON.h */ = {isa = PBXFileReference; lastKnownFileType = sourcecode.c.h; path = "OGDocument+JSON.h"; sourceTree = "<group>"; };
		C3BED8A7214842850025FC66 /* OGDocument+JSON.m */ = {isa = PBXFileReference; lastKnownFileType = sourcecode.c.objc; path = "OGDocument+JSON.m"; sourceTree = "<group>"; };
		C3ECABF1214DBD3300B16113 /* CDMealPeriod.h */ = {isa = PBXFileReference; lastKnownFileType = sourcecode.c.h; path = CDMealPeriod.h; sourceTree = "<group>"; };
		C3ECABF2214DBD3300B16113 /* CDMealPeriod.m */ = {isa = PBXFileReference; lastKnownFileType = sourcecode.c.objc; path = CDMealPeriod.m; sourceTree = "<group>"; };
		C3ECABF4214DBF5700B16113 /* CDMenu.h */ = {isa = PBXFileReference; lastKnownFileType = sourcecode.c.h; path = CDMenu.h; sourceTree = "<group>"; };
		C3ECABF5214DBF5700B16113 /* CDMenu.m */ = {isa = PBXFileReference; lastKnownFileType = sourcecode.c.objc; path = CDMenu.m; sourceTree = "<group>"; };
		C3ECABF7214DC24B00B16113 /* CDSchool.h */ = {isa = PBXFileReference; lastKnownFileType = sourcecode.c.h; path = CDSchool.h; sourceTree = "<group>"; };
		C3ECABF8214DC24B00B16113 /* CDSchool.m */ = {isa = PBXFileReference; lastKnownFileType = sourcecode.c.objc; path = CDSchool.m; sourceTree = "<group>"; };
		C3ECABFA214DC36500B16113 /* CDEatery.h */ = {isa = PBXFileReference; lastKnownFileType = sourcecode.c.h; path = CDEatery.h; sourceTree = "<group>"; };
		C3ECABFB214DC36500B16113 /* CDEatery.m */ = {isa = PBXFileReference; lastKnownFileType = sourcecode.c.objc; path = CDEatery.m; sourceTree = "<group>"; };
		CD20B0A016F7AD62F7FEB13D /* libPods.a */ = {isa = PBXFileReference; explicitFileType = archive.ar; includeInIndex = 0; path = libPods.a; sourceTree = BUILT_PRODUCTS_DIR; };
		F484FD055B612D4201698BE2 /* libPods-BU EatsTests.a */ = {isa = PBXFileReference; explicitFileType = archive.ar; includeInIndex = 0; path = "libPods-BU EatsTests.a"; sourceTree = BUILT_PRODUCTS_DIR; };
		FE585FF937FEB34E73FAA1A3 /* Pods-BU EatsTests.debug.xcconfig */ = {isa = PBXFileReference; includeInIndex = 1; lastKnownFileType = text.xcconfig; name = "Pods-BU EatsTests.debug.xcconfig"; path = "Pods/Target Support Files/Pods-BU EatsTests/Pods-BU EatsTests.debug.xcconfig"; sourceTree = "<group>"; };
/* End PBXFileReference section */

/* Begin PBXFrameworksBuildPhase section */
		B4C0B1021AEB2F5C001F2B96 /* Frameworks */ = {
			isa = PBXFrameworksBuildPhase;
			buildActionMask = 2147483647;
			files = (
				867317D6F7D5EDAE56DCCBEB /* libPods-BU Eats.a in Frameworks */,
			);
			runOnlyForDeploymentPostprocessing = 0;
		};
		B4C0B11E1AEB2F5C001F2B96 /* Frameworks */ = {
			isa = PBXFrameworksBuildPhase;
			buildActionMask = 2147483647;
			files = (
				D4C81E74162CB82026FC8F2C /* libPods-BU EatsTests.a in Frameworks */,
			);
			runOnlyForDeploymentPostprocessing = 0;
		};
/* End PBXFrameworksBuildPhase section */

/* Begin PBXGroup section */
		5F2E0BCFBD57AFACC1730576 /* Pods */ = {
			isa = PBXGroup;
			children = (
				17DFF33644CBB533BD7DDD9A /* Pods.debug.xcconfig */,
				4C1F3EDA6FFA1F53D0E5BE95 /* Pods.release.xcconfig */,
				427AF4E5A601E031F69FABF1 /* Pods-BU Eats.debug.xcconfig */,
				AD487FA783C8103D8482D6CD /* Pods-BU Eats.release.xcconfig */,
				FE585FF937FEB34E73FAA1A3 /* Pods-BU EatsTests.debug.xcconfig */,
				187EB9B4F41C2FBFD523DDD9 /* Pods-BU EatsTests.release.xcconfig */,
			);
			name = Pods;
			sourceTree = "<group>";
		};
		A7166B61BA6CB1D4CD8308B9 /* Frameworks */ = {
			isa = PBXGroup;
			children = (
				CD20B0A016F7AD62F7FEB13D /* libPods.a */,
				0B8D5852C823C6F7868137FE /* libPods-BU Eats.a */,
				F484FD055B612D4201698BE2 /* libPods-BU EatsTests.a */,
			);
			name = Frameworks;
			sourceTree = "<group>";
		};
		B4C0B0FC1AEB2F5C001F2B96 = {
			isa = PBXGroup;
			children = (
				B4C0B1071AEB2F5C001F2B96 /* BU Eats */,
				B4C0B1241AEB2F5C001F2B96 /* BU EatsTests */,
				B4C0B1061AEB2F5C001F2B96 /* Products */,
				5F2E0BCFBD57AFACC1730576 /* Pods */,
				A7166B61BA6CB1D4CD8308B9 /* Frameworks */,
			);
			sourceTree = "<group>";
		};
		B4C0B1061AEB2F5C001F2B96 /* Products */ = {
			isa = PBXGroup;
			children = (
				B4C0B1051AEB2F5C001F2B96 /* BU Eats.app */,
				B4C0B1211AEB2F5C001F2B96 /* BU EatsTests.xctest */,
			);
			name = Products;
			sourceTree = "<group>";
		};
		B4C0B1071AEB2F5C001F2B96 /* BU Eats */ = {
			isa = PBXGroup;
			children = (
				B4C0B1181AEB2F5C001F2B96 /* Images.xcassets */,
				B4C0B10C1AEB2F5C001F2B96 /* AppDelegate.h */,
				B4C0B10D1AEB2F5C001F2B96 /* AppDelegate.m */,
				C34CA91D213F89E100C7A1A0 /* API */,
				C349B8071FAEA75500D09043 /* Categories */,
				B4C0B1381AEB38B0001F2B96 /* Model */,
				B4C0B1341AEB3149001F2B96 /* Classes */,
				C305D04B23F228BE0054CACB /* DIDatepicker */,
				B4C0B1081AEB2F5C001F2B96 /* Supporting Files */,
			);
			path = "BU Eats";
			sourceTree = "<group>";
		};
		B4C0B1081AEB2F5C001F2B96 /* Supporting Files */ = {
			isa = PBXGroup;
			children = (
				B4C0B11A1AEB2F5C001F2B96 /* LaunchScreen.xib */,
				B4C0B1091AEB2F5C001F2B96 /* Info.plist */,
				B4C0B10A1AEB2F5C001F2B96 /* main.m */,
				B419BB631AEC3BB900C7A75D /* Eats-Prefix.pch */,
				B41F8DD31B6F271B00FEB057 /* BU-Eats-Constants.h */,
				B41F8DD41B6F271B00FEB057 /* BU-Eats-Constants.m */,
				B419BB641AEC3C7A00C7A75D /* UIColor+BU.h */,
				B419BB651AEC3C7A00C7A75D /* UIColor+BU.m */,
				B4C4DD231B89313900A9AFB5 /* NSDate+TBExtensions.h */,
				B4C4DD241B89313900A9AFB5 /* NSDate+TBExtensions.m */,
			);
			name = "Supporting Files";
			sourceTree = "<group>";
		};
		B4C0B1241AEB2F5C001F2B96 /* BU EatsTests */ = {
			isa = PBXGroup;
			children = (
				B4C0B1271AEB2F5C001F2B96 /* BU_EatsTests.m */,
				B4C0B1251AEB2F5C001F2B96 /* Supporting Files */,
			);
			path = "BU EatsTests";
			sourceTree = "<group>";
		};
		B4C0B1251AEB2F5C001F2B96 /* Supporting Files */ = {
			isa = PBXGroup;
			children = (
				B4C0B1261AEB2F5C001F2B96 /* Info.plist */,
			);
			name = "Supporting Files";
			sourceTree = "<group>";
		};
		B4C0B1341AEB3149001F2B96 /* Classes */ = {
			isa = PBXGroup;
			children = (
				C349B7EF1FAEA50600D09043 /* ETLocationsViewController.h */,
				C349B7F31FAEA50700D09043 /* ETLocationsViewController.m */,
				C349B7EE1FAEA50600D09043 /* ETMealTabController.h */,
				C349B7F51FAEA50700D09043 /* ETMealTabController.m */,
				C349B80F1FAEA80100D09043 /* ETMenuViewController.h */,
				C349B80E1FAEA80100D09043 /* ETMenuViewController.m */,
				C349B7F11FAEA50600D09043 /* ETCreatedByViewController.h */,
				C349B7F41FAEA50700D09043 /* ETCreatedByViewController.m */,
				C349B7ED1FAEA50600D09043 /* ETLocationCell.h */,
				C349B7F01FAEA50600D09043 /* ETLocationCell.m */,
				C349B7F21FAEA50700D09043 /* ETLocationCell.xib */,
				C378418920245D4900D546B9 /* ETHoursViewController.h */,
				C378418A20245D4900D546B9 /* ETHoursViewController.m */,
				C378418C20245DBF00D546B9 /* ETHoursCell.h */,
				C378418D20245DBF00D546B9 /* ETHoursCell.m */,
				C34CA91B213F6A1500C7A1A0 /* ETFoodItemCell.h */,
				C34CA91A213F6A1500C7A1A0 /* ETFoodItemCell.m */,
			);
			path = Classes;
			sourceTree = "<group>";
		};
		B4C0B1381AEB38B0001F2B96 /* Model */ = {
			isa = PBXGroup;
			children = (
				C349B80C1FAEA7F700D09043 /* BUDiningMenu.h */,
				C349B80B1FAEA7F700D09043 /* BUDiningMenu.m */,
				C349B7FE1FAEA51900D09043 /* ETHOOP.h */,
				C349B7FF1FAEA51900D09043 /* ETHOOP.m */,
				C349B8011FAEA51900D09043 /* ETLocation.h */,
				C349B7FD1FAEA51800D09043 /* ETLocation.m */,
				C349B7FB1FAEA51800D09043 /* ETSimpleDate.h */,
				C349B7FC1FAEA51800D09043 /* ETSimpleDate.m */,
				C349B8001FAEA51900D09043 /* ETTimeInterval.h */,
				C349B8021FAEA51900D09043 /* ETTimeInterval.m */,
			);
			path = Model;
			sourceTree = "<group>";
		};
		C305D04B23F228BE0054CACB /* DIDatepicker */ = {
			isa = PBXGroup;
			children = (
				C305D04D23F228BE0054CACB /* DIDatepicker.h */,
				C305D05123F228BE0054CACB /* DIDatepicker.m */,
				C305D04C23F228BE0054CACB /* DIDatepickerDateView.h */,
				C305D05023F228BE0054CACB /* DIDatepickerDateView.m */,
			);
			path = DIDatepicker;
			sourceTree = "<group>";
		};
		C349B8071FAEA75500D09043 /* Categories */ = {
			isa = PBXGroup;
			children = (
				C349B8081FAEA76B00D09043 /* UIViewController+Extensions.h */,
				C349B8091FAEA76B00D09043 /* UIViewController+Extensions.m */,
				C34CA918213F6A0500C7A1A0 /* OGNode+Wrapper.h */,
				C34CA917213F6A0500C7A1A0 /* OGNode+Wrapper.m */,
				C3374A4B2141BFB500C3286D /* OGElement+Wrapper.h */,
				C3374A4C2141BFB500C3286D /* OGElement+Wrapper.m */,
				C3BED8A6214842850025FC66 /* OGDocument+JSON.h */,
				C3BED8A7214842850025FC66 /* OGDocument+JSON.m */,
				C30DBAD7232858FF008B0CA8 /* NSArray+Functional.h */,
				C30DBAD8232858FF008B0CA8 /* NSArray+Functional.m */,
			);
			path = Categories;
			sourceTree = "<group>";
		};
		C34CA91D213F89E100C7A1A0 /* API */ = {
			isa = PBXGroup;
			children = (
				C34CA91E213F8A0200C7A1A0 /* CDClient.h */,
				C34CA91F213F8A0200C7A1A0 /* CDClient.m */,
				C34CA921213F8C7A00C7A1A0 /* CDObject.h */,
				C34CA922213F8C7A00C7A1A0 /* CDObject.m */,
				C3ECABF7214DC24B00B16113 /* CDSchool.h */,
				C3ECABF8214DC24B00B16113 /* CDSchool.m */,
				C3ECABFA214DC36500B16113 /* CDEatery.h */,
				C3ECABFB214DC36500B16113 /* CDEatery.m */,
				C3ECABF4214DBF5700B16113 /* CDMenu.h */,
				C3ECABF5214DBF5700B16113 /* CDMenu.m */,
				C3579A3323286E2300F5B16B /* CDMeal.h */,
				C3579A3423286E2300F5B16B /* CDMeal.m */,
				C3ECABF1214DBD3300B16113 /* CDMealPeriod.h */,
				C3ECABF2214DBD3300B16113 /* CDMealPeriod.m */,
				C34CA92A213F8CE600C7A1A0 /* CDFoodStation.h */,
				C34CA92B213F8CE600C7A1A0 /* CDFoodStation.m */,
				C34CA92D213F8CEF00C7A1A0 /* CDFoodItem.h */,
				C34CA92E213F8CEF00C7A1A0 /* CDFoodItem.m */,
			);
			path = API;
			sourceTree = "<group>";
		};
/* End PBXGroup section */

/* Begin PBXNativeTarget section */
		B4C0B1041AEB2F5C001F2B96 /* BU Eats */ = {
			isa = PBXNativeTarget;
			buildConfigurationList = B4C0B12B1AEB2F5C001F2B96 /* Build configuration list for PBXNativeTarget "BU Eats" */;
			buildPhases = (
				6F9714E49D31B2574151E5F3 /* [CP] Check Pods Manifest.lock */,
				B4C0B1011AEB2F5C001F2B96 /* Sources */,
				B4C0B1021AEB2F5C001F2B96 /* Frameworks */,
				B4C0B1031AEB2F5C001F2B96 /* Resources */,
			);
			buildRules = (
			);
			dependencies = (
			);
			name = "BU Eats";
			productName = "BU Eats";
			productReference = B4C0B1051AEB2F5C001F2B96 /* BU Eats.app */;
			productType = "com.apple.product-type.application";
		};
		B4C0B1201AEB2F5C001F2B96 /* BU EatsTests */ = {
			isa = PBXNativeTarget;
			buildConfigurationList = B4C0B12E1AEB2F5C001F2B96 /* Build configuration list for PBXNativeTarget "BU EatsTests" */;
			buildPhases = (
				D38EE0476F07059A3A7295A7 /* [CP] Check Pods Manifest.lock */,
				B4C0B11D1AEB2F5C001F2B96 /* Sources */,
				B4C0B11E1AEB2F5C001F2B96 /* Frameworks */,
				B4C0B11F1AEB2F5C001F2B96 /* Resources */,
			);
			buildRules = (
			);
			dependencies = (
				B4C0B1231AEB2F5C001F2B96 /* PBXTargetDependency */,
			);
			name = "BU EatsTests";
			productName = "BU EatsTests";
			productReference = B4C0B1211AEB2F5C001F2B96 /* BU EatsTests.xctest */;
			productType = "com.apple.product-type.bundle.unit-test";
		};
/* End PBXNativeTarget section */

/* Begin PBXProject section */
		B4C0B0FD1AEB2F5C001F2B96 /* Project object */ = {
			isa = PBXProject;
			attributes = {
				CLASSPREFIX = ET;
				LastUpgradeCheck = 1130;
				ORGANIZATIONNAME = "Tanner Bennett";
				TargetAttributes = {
					B4C0B1041AEB2F5C001F2B96 = {
						CreatedOnToolsVersion = 6.1;
						DevelopmentTeam = S6N2F22V2Z;
					};
					B4C0B1201AEB2F5C001F2B96 = {
						CreatedOnToolsVersion = 6.1;
						TestTargetID = B4C0B1041AEB2F5C001F2B96;
					};
				};
			};
			buildConfigurationList = B4C0B1001AEB2F5C001F2B96 /* Build configuration list for PBXProject "BU Eats" */;
			compatibilityVersion = "Xcode 3.2";
			developmentRegion = en;
			hasScannedForEncodings = 0;
			knownRegions = (
				en,
				Base,
			);
			mainGroup = B4C0B0FC1AEB2F5C001F2B96;
			productRefGroup = B4C0B1061AEB2F5C001F2B96 /* Products */;
			projectDirPath = "";
			projectRoot = "";
			targets = (
				B4C0B1041AEB2F5C001F2B96 /* BU Eats */,
				B4C0B1201AEB2F5C001F2B96 /* BU EatsTests */,
			);
		};
/* End PBXProject section */

/* Begin PBXResourcesBuildPhase section */
		B4C0B1031AEB2F5C001F2B96 /* Resources */ = {
			isa = PBXResourcesBuildPhase;
			buildActionMask = 2147483647;
			files = (
				C349B7F71FAEA50700D09043 /* ETLocationCell.xib in Resources */,
				B4C0B11C1AEB2F5C001F2B96 /* LaunchScreen.xib in Resources */,
				B4C0B1191AEB2F5C001F2B96 /* Images.xcassets in Resources */,
			);
			runOnlyForDeploymentPostprocessing = 0;
		};
		B4C0B11F1AEB2F5C001F2B96 /* Resources */ = {
			isa = PBXResourcesBuildPhase;
			buildActionMask = 2147483647;
			files = (
			);
			runOnlyForDeploymentPostprocessing = 0;
		};
/* End PBXResourcesBuildPhase section */

/* Begin PBXShellScriptBuildPhase section */
		6F9714E49D31B2574151E5F3 /* [CP] Check Pods Manifest.lock */ = {
			isa = PBXShellScriptBuildPhase;
			buildActionMask = 2147483647;
			files = (
			);
			inputPaths = (
				"${PODS_PODFILE_DIR_PATH}/Podfile.lock",
				"${PODS_ROOT}/Manifest.lock",
			);
			name = "[CP] Check Pods Manifest.lock";
			outputPaths = (
				"$(DERIVED_FILE_DIR)/Pods-BU Eats-checkManifestLockResult.txt",
			);
			runOnlyForDeploymentPostprocessing = 0;
			shellPath = /bin/sh;
			shellScript = "diff \"${PODS_PODFILE_DIR_PATH}/Podfile.lock\" \"${PODS_ROOT}/Manifest.lock\" > /dev/null\nif [ $? != 0 ] ; then\n    # print error to STDERR\n    echo \"error: The sandbox is not in sync with the Podfile.lock. Run 'pod install' or update your CocoaPods installation.\" >&2\n    exit 1\nfi\n# This output is used by Xcode 'outputs' to avoid re-running this script phase.\necho \"SUCCESS\" > \"${SCRIPT_OUTPUT_FILE_0}\"\n";
			showEnvVarsInLog = 0;
		};
		D38EE0476F07059A3A7295A7 /* [CP] Check Pods Manifest.lock */ = {
			isa = PBXShellScriptBuildPhase;
			buildActionMask = 2147483647;
			files = (
			);
			inputPaths = (
				"${PODS_PODFILE_DIR_PATH}/Podfile.lock",
				"${PODS_ROOT}/Manifest.lock",
			);
			name = "[CP] Check Pods Manifest.lock";
			outputPaths = (
				"$(DERIVED_FILE_DIR)/Pods-BU EatsTests-checkManifestLockResult.txt",
			);
			runOnlyForDeploymentPostprocessing = 0;
			shellPath = /bin/sh;
			shellScript = "diff \"${PODS_PODFILE_DIR_PATH}/Podfile.lock\" \"${PODS_ROOT}/Manifest.lock\" > /dev/null\nif [ $? != 0 ] ; then\n    # print error to STDERR\n    echo \"error: The sandbox is not in sync with the Podfile.lock. Run 'pod install' or update your CocoaPods installation.\" >&2\n    exit 1\nfi\n# This output is used by Xcode 'outputs' to avoid re-running this script phase.\necho \"SUCCESS\" > \"${SCRIPT_OUTPUT_FILE_0}\"\n";
			showEnvVarsInLog = 0;
		};
/* End PBXShellScriptBuildPhase section */

/* Begin PBXSourcesBuildPhase section */
		B4C0B1011AEB2F5C001F2B96 /* Sources */ = {
			isa = PBXSourcesBuildPhase;
			buildActionMask = 2147483647;
			files = (
				C34CA920213F8A0200C7A1A0 /* CDClient.m in Sources */,
				C34CA92F213F8CEF00C7A1A0 /* CDFoodItem.m in Sources */,
				C349B7FA1FAEA50700D09043 /* ETMealTabController.m in Sources */,
				B419BB661AEC3C7A00C7A75D /* UIColor+BU.m in Sources */,
				C34CA923213F8C7A00C7A1A0 /* CDObject.m in Sources */,
				B4C0B10E1AEB2F5C001F2B96 /* AppDelegate.m in Sources */,
				C34CA92C213F8CE600C7A1A0 /* CDFoodStation.m in Sources */,
				C34CA919213F6A0600C7A1A0 /* OGNode+Wrapper.m in Sources */,
				B41F8DD51B6F271B00FEB057 /* BU-Eats-Constants.m in Sources */,
				C3579A3523286E2300F5B16B /* CDMeal.m in Sources */,
				C349B7F91FAEA50700D09043 /* ETCreatedByViewController.m in Sources */,
				C349B8061FAEA51900D09043 /* ETTimeInterval.m in Sources */,
				C3BED8A8214842850025FC66 /* OGDocument+JSON.m in Sources */,
				B4C4DD251B89313900A9AFB5 /* NSDate+TBExtensions.m in Sources */,
				C349B8031FAEA51900D09043 /* ETSimpleDate.m in Sources */,
				C349B7F61FAEA50700D09043 /* ETLocationCell.m in Sources */,
				C3ECABF9214DC24B00B16113 /* CDSchool.m in Sources */,
				C349B80D1FAEA7F700D09043 /* BUDiningMenu.m in Sources */,
				C349B8041FAEA51900D09043 /* ETLocation.m in Sources */,
				C349B80A1FAEA76B00D09043 /* UIViewController+Extensions.m in Sources */,
				C378418E20245DBF00D546B9 /* ETHoursCell.m in Sources */,
				C349B7F81FAEA50700D09043 /* ETLocationsViewController.m in Sources */,
				C30DBAD9232858FF008B0CA8 /* NSArray+Functional.m in Sources */,
				C3374A4D2141BFB500C3286D /* OGElement+Wrapper.m in Sources */,
				C3ECABF3214DBD3300B16113 /* CDMealPeriod.m in Sources */,
				C34CA91C213F6A1500C7A1A0 /* ETFoodItemCell.m in Sources */,
				C3ECABFC214DC36500B16113 /* CDEatery.m in Sources */,
				C3ECABF6214DBF5700B16113 /* CDMenu.m in Sources */,
				C305D05523F228BE0054CACB /* DIDatepicker.m in Sources */,
				C349B8051FAEA51900D09043 /* ETHOOP.m in Sources */,
				C349B8101FAEA80100D09043 /* ETMenuViewController.m in Sources */,
				C305D05423F228BE0054CACB /* DIDatepickerDateView.m in Sources */,
				C378418B20245D4900D546B9 /* ETHoursViewController.m in Sources */,
				B4C0B10B1AEB2F5C001F2B96 /* main.m in Sources */,
			);
			runOnlyForDeploymentPostprocessing = 0;
		};
		B4C0B11D1AEB2F5C001F2B96 /* Sources */ = {
			isa = PBXSourcesBuildPhase;
			buildActionMask = 2147483647;
			files = (
				B4C0B1281AEB2F5C001F2B96 /* BU_EatsTests.m in Sources */,
			);
			runOnlyForDeploymentPostprocessing = 0;
		};
/* End PBXSourcesBuildPhase section */

/* Begin PBXTargetDependency section */
		B4C0B1231AEB2F5C001F2B96 /* PBXTargetDependency */ = {
			isa = PBXTargetDependency;
			target = B4C0B1041AEB2F5C001F2B96 /* BU Eats */;
			targetProxy = B4C0B1221AEB2F5C001F2B96 /* PBXContainerItemProxy */;
		};
/* End PBXTargetDependency section */

/* Begin PBXVariantGroup section */
		B4C0B11A1AEB2F5C001F2B96 /* LaunchScreen.xib */ = {
			isa = PBXVariantGroup;
			children = (
				B4C0B11B1AEB2F5C001F2B96 /* Base */,
			);
			name = LaunchScreen.xib;
			sourceTree = "<group>";
		};
/* End PBXVariantGroup section */

/* Begin XCBuildConfiguration section */
		B4C0B1291AEB2F5C001F2B96 /* Debug */ = {
			isa = XCBuildConfiguration;
			buildSettings = {
				ALWAYS_SEARCH_USER_PATHS = NO;
				CLANG_ANALYZER_LOCALIZABILITY_NONLOCALIZED = YES;
				CLANG_CXX_LANGUAGE_STANDARD = "gnu++0x";
				CLANG_CXX_LIBRARY = "libc++";
				CLANG_ENABLE_MODULES = YES;
				CLANG_ENABLE_OBJC_ARC = YES;
				CLANG_WARN_BLOCK_CAPTURE_AUTORELEASING = YES;
				CLANG_WARN_BOOL_CONVERSION = YES;
				CLANG_WARN_COMMA = YES;
				CLANG_WARN_CONSTANT_CONVERSION = YES;
				CLANG_WARN_DEPRECATED_OBJC_IMPLEMENTATIONS = YES;
				CLANG_WARN_DIRECT_OBJC_ISA_USAGE = YES_ERROR;
				CLANG_WARN_EMPTY_BODY = YES;
				CLANG_WARN_ENUM_CONVERSION = YES;
				CLANG_WARN_INFINITE_RECURSION = YES;
				CLANG_WARN_INT_CONVERSION = YES;
				CLANG_WARN_NON_LITERAL_NULL_CONVERSION = YES;
				CLANG_WARN_OBJC_IMPLICIT_RETAIN_SELF = YES;
				CLANG_WARN_OBJC_LITERAL_CONVERSION = YES;
				CLANG_WARN_OBJC_ROOT_CLASS = YES_ERROR;
				CLANG_WARN_RANGE_LOOP_ANALYSIS = YES;
				CLANG_WARN_STRICT_PROTOTYPES = YES;
				CLANG_WARN_SUSPICIOUS_MOVE = YES;
				CLANG_WARN_UNREACHABLE_CODE = YES;
				CLANG_WARN__DUPLICATE_METHOD_MATCH = YES;
				"CODE_SIGN_IDENTITY[sdk=iphoneos*]" = "iPhone Developer";
				COPY_PHASE_STRIP = NO;
				ENABLE_BITCODE = YES;
				ENABLE_STRICT_OBJC_MSGSEND = YES;
				ENABLE_TESTABILITY = YES;
				GCC_C_LANGUAGE_STANDARD = gnu99;
				GCC_DYNAMIC_NO_PIC = NO;
				GCC_NO_COMMON_BLOCKS = YES;
				GCC_OPTIMIZATION_LEVEL = 0;
				GCC_PREPROCESSOR_DEFINITIONS = (
					"DEBUG=1",
					"$(inherited)",
				);
				GCC_SYMBOLS_PRIVATE_EXTERN = NO;
				GCC_WARN_64_TO_32_BIT_CONVERSION = YES;
				GCC_WARN_ABOUT_RETURN_TYPE = YES_ERROR;
				GCC_WARN_UNDECLARED_SELECTOR = YES;
				GCC_WARN_UNINITIALIZED_AUTOS = YES_AGGRESSIVE;
				GCC_WARN_UNUSED_FUNCTION = YES;
				GCC_WARN_UNUSED_VARIABLE = YES;
				IPHONEOS_DEPLOYMENT_TARGET = 11.0;
				MTL_ENABLE_DEBUG_INFO = YES;
				ONLY_ACTIVE_ARCH = YES;
				SDKROOT = iphoneos;
			};
			name = Debug;
		};
		B4C0B12A1AEB2F5C001F2B96 /* Release */ = {
			isa = XCBuildConfiguration;
			buildSettings = {
				ALWAYS_SEARCH_USER_PATHS = NO;
				CLANG_ANALYZER_LOCALIZABILITY_NONLOCALIZED = YES;
				CLANG_CXX_LANGUAGE_STANDARD = "gnu++0x";
				CLANG_CXX_LIBRARY = "libc++";
				CLANG_ENABLE_MODULES = YES;
				CLANG_ENABLE_OBJC_ARC = YES;
				CLANG_WARN_BLOCK_CAPTURE_AUTORELEASING = YES;
				CLANG_WARN_BOOL_CONVERSION = YES;
				CLANG_WARN_COMMA = YES;
				CLANG_WARN_CONSTANT_CONVERSION = YES;
				CLANG_WARN_DEPRECATED_OBJC_IMPLEMENTATIONS = YES;
				CLANG_WARN_DIRECT_OBJC_ISA_USAGE = YES_ERROR;
				CLANG_WARN_EMPTY_BODY = YES;
				CLANG_WARN_ENUM_CONVERSION = YES;
				CLANG_WARN_INFINITE_RECURSION = YES;
				CLANG_WARN_INT_CONVERSION = YES;
				CLANG_WARN_NON_LITERAL_NULL_CONVERSION = YES;
				CLANG_WARN_OBJC_IMPLICIT_RETAIN_SELF = YES;
				CLANG_WARN_OBJC_LITERAL_CONVERSION = YES;
				CLANG_WARN_OBJC_ROOT_CLASS = YES_ERROR;
				CLANG_WARN_RANGE_LOOP_ANALYSIS = YES;
				CLANG_WARN_STRICT_PROTOTYPES = YES;
				CLANG_WARN_SUSPICIOUS_MOVE = YES;
				CLANG_WARN_UNREACHABLE_CODE = YES;
				CLANG_WARN__DUPLICATE_METHOD_MATCH = YES;
				"CODE_SIGN_IDENTITY[sdk=iphoneos*]" = "iPhone Developer";
				COPY_PHASE_STRIP = YES;
				ENABLE_BITCODE = YES;
				ENABLE_NS_ASSERTIONS = NO;
				ENABLE_STRICT_OBJC_MSGSEND = YES;
				GCC_C_LANGUAGE_STANDARD = gnu99;
				GCC_NO_COMMON_BLOCKS = YES;
				GCC_WARN_64_TO_32_BIT_CONVERSION = YES;
				GCC_WARN_ABOUT_RETURN_TYPE = YES_ERROR;
				GCC_WARN_UNDECLARED_SELECTOR = YES;
				GCC_WARN_UNINITIALIZED_AUTOS = YES_AGGRESSIVE;
				GCC_WARN_UNUSED_FUNCTION = YES;
				GCC_WARN_UNUSED_VARIABLE = YES;
				IPHONEOS_DEPLOYMENT_TARGET = 11.0;
				MTL_ENABLE_DEBUG_INFO = NO;
				SDKROOT = iphoneos;
				VALIDATE_PRODUCT = YES;
			};
			name = Release;
		};
		B4C0B12C1AEB2F5C001F2B96 /* Debug */ = {
			isa = XCBuildConfiguration;
			baseConfigurationReference = 427AF4E5A601E031F69FABF1 /* Pods-BU Eats.debug.xcconfig */;
			buildSettings = {
				ASSETCATALOG_COMPILER_APPICON_NAME = AppIcon;
				CODE_SIGN_IDENTITY = "iPhone Developer";
				FRAMEWORK_SEARCH_PATHS = (
					"$(inherited)",
					"$(SRCROOT)",
					"$(PROJECT_DIR)",
				);
				GCC_PREFIX_HEADER = "BU Eats/Eats-Prefix.pch";
				INFOPLIST_FILE = "BU Eats/Info.plist";
				IPHONEOS_DEPLOYMENT_TARGET = 11.0;
				LD_RUNPATH_SEARCH_PATHS = "$(inherited) @executable_path/Frameworks";
				OTHER_LDFLAGS = (
					"$(inherited)",
					"-ObjC",
					"-l\"Masonry\"",
					"-l\"NSDate-Extensions\"",
					"-l\"ObjectiveGumbo\"",
					"-l\"TBAlertController\"",
					"-l\"c++\"",
					"-l\"z\"",
					"-framework",
					"\"Foundation\"",
					"-framework",
					"\"Security\"",
					"-framework",
					"\"SystemConfiguration\"",
					"-framework",
					"\"UIKit\"",
				);
				PRODUCT_BUNDLE_IDENTIFIER = "com.pantsthief.$(PRODUCT_NAME:rfc1034identifier)";
				PRODUCT_NAME = "$(TARGET_NAME)";
				WARNING_CFLAGS = "-Wno-arc-performSelector-leaks";
			};
			name = Debug;
		};
		B4C0B12D1AEB2F5C001F2B96 /* Release */ = {
			isa = XCBuildConfiguration;
			baseConfigurationReference = AD487FA783C8103D8482D6CD /* Pods-BU Eats.release.xcconfig */;
			buildSettings = {
				ASSETCATALOG_COMPILER_APPICON_NAME = AppIcon;
				CODE_SIGN_IDENTITY = "iPhone Developer";
				FRAMEWORK_SEARCH_PATHS = (
					"$(inherited)",
					"$(SRCROOT)",
					"$(PROJECT_DIR)",
				);
				GCC_PREFIX_HEADER = "BU Eats/Eats-Prefix.pch";
				INFOPLIST_FILE = "BU Eats/Info.plist";
				IPHONEOS_DEPLOYMENT_TARGET = 11.0;
				LD_RUNPATH_SEARCH_PATHS = "$(inherited) @executable_path/Frameworks";
				OTHER_LDFLAGS = (
					"$(inherited)",
					"-ObjC",
					"-l\"Masonry\"",
					"-l\"NSDate-Extensions\"",
					"-l\"ObjectiveGumbo\"",
					"-l\"TBAlertController\"",
					"-l\"c++\"",
					"-l\"z\"",
					"-framework",
					"\"Foundation\"",
					"-framework",
					"\"Security\"",
					"-framework",
					"\"SystemConfiguration\"",
					"-framework",
					"\"UIKit\"",
				);
				PRODUCT_BUNDLE_IDENTIFIER = "com.pantsthief.$(PRODUCT_NAME:rfc1034identifier)";
				PRODUCT_NAME = "$(TARGET_NAME)";
				WARNING_CFLAGS = "-Wno-arc-performSelector-leaks";
			};
			name = Release;
		};
		B4C0B12F1AEB2F5C001F2B96 /* Debug */ = {
			isa = XCBuildConfiguration;
			baseConfigurationReference = FE585FF937FEB34E73FAA1A3 /* Pods-BU EatsTests.debug.xcconfig */;
			buildSettings = {
				BUNDLE_LOADER = "$(TEST_HOST)";
				FRAMEWORK_SEARCH_PATHS = "$(inherited)";
				GCC_PREPROCESSOR_DEFINITIONS = (
					"DEBUG=1",
					"$(inherited)",
				);
				INFOPLIST_FILE = "BU EatsTests/Info.plist";
				LD_RUNPATH_SEARCH_PATHS = "$(inherited) @executable_path/Frameworks @loader_path/Frameworks";
				PRODUCT_BUNDLE_IDENTIFIER = "com.pantsthief.$(PRODUCT_NAME:rfc1034identifier)";
				PRODUCT_NAME = "$(TARGET_NAME)";
				TEST_HOST = "$(BUILT_PRODUCTS_DIR)/BU Eats.app/BU Eats";
			};
			name = Debug;
		};
		B4C0B1301AEB2F5C001F2B96 /* Release */ = {
			isa = XCBuildConfiguration;
			baseConfigurationReference = 187EB9B4F41C2FBFD523DDD9 /* Pods-BU EatsTests.release.xcconfig */;
			buildSettings = {
				BUNDLE_LOADER = "$(TEST_HOST)";
				FRAMEWORK_SEARCH_PATHS = "$(inherited)";
				INFOPLIST_FILE = "BU EatsTests/Info.plist";
				LD_RUNPATH_SEARCH_PATHS = "$(inherited) @executable_path/Frameworks @loader_path/Frameworks";
				PRODUCT_BUNDLE_IDENTIFIER = "com.pantsthief.$(PRODUCT_NAME:rfc1034identifier)";
				PRODUCT_NAME = "$(TARGET_NAME)";
				TEST_HOST = "$(BUILT_PRODUCTS_DIR)/BU Eats.app/BU Eats";
			};
			name = Release;
		};
/* End XCBuildConfiguration section */

/* Begin XCConfigurationList section */
		B4C0B1001AEB2F5C001F2B96 /* Build configuration list for PBXProject "BU Eats" */ = {
			isa = XCConfigurationList;
			buildConfigurations = (
				B4C0B1291AEB2F5C001F2B96 /* Debug */,
				B4C0B12A1AEB2F5C001F2B96 /* Release */,
			);
			defaultConfigurationIsVisible = 0;
			defaultConfigurationName = Release;
		};
		B4C0B12B1AEB2F5C001F2B96 /* Build configuration list for PBXNativeTarget "BU Eats" */ = {
			isa = XCConfigurationList;
			buildConfigurations = (
				B4C0B12C1AEB2F5C001F2B96 /* Debug */,
				B4C0B12D1AEB2F5C001F2B96 /* Release */,
			);
			defaultConfigurationIsVisible = 0;
			defaultConfigurationName = Release;
		};
		B4C0B12E1AEB2F5C001F2B96 /* Build configuration list for PBXNativeTarget "BU EatsTests" */ = {
			isa = XCConfigurationList;
			buildConfigurations = (
				B4C0B12F1AEB2F5C001F2B96 /* Debug */,
				B4C0B1301AEB2F5C001F2B96 /* Release */,
			);
			defaultConfigurationIsVisible = 0;
			defaultConfigurationName = Release;
		};
/* End XCConfigurationList section */
	};
	rootObject = B4C0B0FD1AEB2F5C001F2B96 /* Project object */;
}
